{
  "name": "miniprogram",
  "version": "0.0.0",
  "lockfileVersion": 2,
  "requires": true,
  "packages": {
    "": {
      "name": "miniprogram",
      "version": "0.0.0",
      "dependencies": {
        "vislite": "^1.2.0"
      }
    },
    "node_modules/@oipage/core.js": {
      "version": "0.1.0",
      "resolved": "https://registry.npmjs.org/@oipage/core.js/-/core.js-0.1.0.tgz",
      "integrity": "sha512-Y9b7oIxrBhez66dECQ0obniCy2cMH19+syRTAVQYG8km0TQO/qSC4etB2ttNEu4xP2FBfAeHyCyxtl1/bY7o9A=="
    },
    "node_modules/vislite": {
      "version": "1.2.0",
      "resolved": "https://registry.npmjs.org/vislite/-/vislite-1.2.0.tgz",
      "integrity": "sha512-DDQ8234VxmDlPYKyk/vkfdhL3rr8gPvX9EIu6k62jzQjFxnuuDNUxJz4qXMhX9u0Izkse5EtGjRSRQ5bYlTR8w==",
      "dependencies": {
        "@oipage/core.js": "^0.1.0"
      }
    }
  },
  "dependencies": {
    "@oipage/core.js": {
      "version": "0.1.0",
      "resolved": "https://registry.npmjs.org/@oipage/core.js/-/core.js-0.1.0.tgz",
      "integrity": "sha512-Y9b7oIxrBhez66dECQ0obniCy2cMH19+syRTAVQYG8km0TQO/qSC4etB2ttNEu4xP2FBfAeHyCyxtl1/bY7o9A=="
    },
    "vislite": {
      "version": "1.2.0",
      "resolved": "https://registry.npmjs.org/vislite/-/vislite-1.2.0.tgz",
      "integrity": "sha512-DDQ8234VxmDlPYKyk/vkfdhL3rr8gPvX9EIu6k62jzQjFxnuuDNUxJz4qXMhX9u0Izkse5EtGjRSRQ5bYlTR8w==",
      "requires": {
        "@oipage/core.js": "^0.1.0"
      }
    }
  }
}
