{
  "name": "miniprogram",
  "version": "0.0.0",
  "lockfileVersion": 2,
  "requires": true,
  "packages": {
    "": {
      "name": "miniprogram",
      "version": "0.0.0",
      "dependencies": {
        "vislite": "^0.8.2-beta.0"
      }
    },
    "node_modules/vislite": {
      "version": "0.8.2-beta.0",
      "resolved": "https://registry.npmjs.org/vislite/-/vislite-0.8.2-beta.0.tgz",
      "integrity": "sha512-PEA1EcoTsiY52zqNjxopDBMnf2cc9xW73q0TGk45+J9a1VBKMTeZp8/gN68Vr7Vz3j8EUmnLJPMMO/Zgd1F8wQ=="
    }
  },
  "dependencies": {
    "vislite": {
      "version": "0.8.2-beta.0",
      "resolved": "https://registry.npmjs.org/vislite/-/vislite-0.8.2-beta.0.tgz",
      "integrity": "sha512-PEA1EcoTsiY52zqNjxopDBMnf2cc9xW73q0TGk45+J9a1VBKMTeZp8/gN68Vr7Vz3j8EUmnLJPMMO/Zgd1F8wQ=="
    }
  }
}
