{
  "name": "miniprogram",
  "version": "0.0.0",
  "lockfileVersion": 2,
  "requires": true,
  "packages": {
    "": {
      "name": "miniprogram",
      "version": "0.0.0",
      "dependencies": {
        "vislite": "^1.2.0-alpha.7"
      }
    },
    "node_modules/@oipage/core.js": {
      "version": "0.1.0-alpha.1",
      "resolved": "https://registry.npmjs.org/@oipage/core.js/-/core.js-0.1.0-alpha.1.tgz",
      "integrity": "sha512-TBJ7V3rN3UfmmvhACQJ3YziD8LZQDRUfDFJRBcoB8LIHXjvc3N1r6vu5UZGEy1fPsyIqEsnXzBDiZZeAc3n3rQ=="
    },
    "node_modules/vislite": {
      "version": "1.2.0-alpha.7",
      "resolved": "https://registry.npmjs.org/vislite/-/vislite-1.2.0-alpha.7.tgz",
      "integrity": "sha512-ZFQtVyZqfs2yMHtGbGeeRxTrqV8tRirMsIhTTH4KR0q8zOTvcdAyK41gNH5PzDBkbYMeLo4bTVW/ZF3HupReWA==",
      "dependencies": {
        "@oipage/core.js": "^0.1.0-alpha.1"
      }
    }
  },
  "dependencies": {
    "@oipage/core.js": {
      "version": "0.1.0-alpha.1",
      "resolved": "https://registry.npmjs.org/@oipage/core.js/-/core.js-0.1.0-alpha.1.tgz",
      "integrity": "sha512-TBJ7V3rN3UfmmvhACQJ3YziD8LZQDRUfDFJRBcoB8LIHXjvc3N1r6vu5UZGEy1fPsyIqEsnXzBDiZZeAc3n3rQ=="
    },
    "vislite": {
      "version": "1.2.0-alpha.7",
      "resolved": "https://registry.npmjs.org/vislite/-/vislite-1.2.0-alpha.7.tgz",
      "integrity": "sha512-ZFQtVyZqfs2yMHtGbGeeRxTrqV8tRirMsIhTTH4KR0q8zOTvcdAyK41gNH5PzDBkbYMeLo4bTVW/ZF3HupReWA==",
      "requires": {
        "@oipage/core.js": "^0.1.0-alpha.1"
      }
    }
  }
}
